
Microsoft Visual Studio Solution File, Format Version 12.00
# Visual Studio Version 17
VisualStudioVersion = 17.4.33213.308
MinimumVisualStudioVersion = 10.0.40219.1
Project("{FAE04EC0-301F-11D3-BF4B-00C04F79EFBC}") = "oldCalculator-exercise3", "oldCalculator-exercise3\oldCalculator-exercise3.csproj", "{D81AEF1E-0AA8-43BE-9BBD-E04757D2DB5F}"
EndProject
Global
	GlobalSection(SolutionConfigurationPlatforms) = preSolution
		Debug|Any CPU = Debug|Any CPU
		Release|Any CPU = Release|Any CPU
	EndGlobalSection
	GlobalSection(ProjectConfigurationPlatforms) = postSolution
		{D81AEF1E-0AA8-43BE-9BBD-E04757D2DB5F}.Debug|Any CPU.ActiveCfg = Debug|Any CPU
		{D81AEF1E-0AA8-43BE-9BBD-E04757D2DB5F}.Debug|Any CPU.Build.0 = Debug|Any CPU
		{D81AEF1E-0AA8-43BE-9BBD-E04757D2DB5F}.Release|Any CPU.ActiveCfg = Release|Any CPU
		{D81AEF1E-0AA8-43BE-9BBD-E04757D2DB5F}.Release|Any CPU.Build.0 = Release|Any CPU
	EndGlobalSection
	GlobalSection(SolutionProperties) = preSolution
		HideSolutionNode = FALSE
	EndGlobalSection
	GlobalSection(ExtensibilityGlobals) = postSolution
		SolutionGuid = {D56B067C-968E-4727-8895-ED520D6AAF73}
	EndGlobalSection
EndGlobal
